lockfileVersion: '9.0'

settings:
  autoInstallPeers: true
  excludeLinksFromLockfile: false

importers:

  .:
    devDependencies:
      turbo:
        specifier: 2.10.10
        version: 2.10.10
      typescript:
        specifier: 6.0.3
        version: 6.0.3

  packages/architecture-contract-tools:
    dependencies:
      '@k-nex/contracts':
        specifier: workspace:*
        version: link:../contracts
      ajv:
        specifier: 8.20.0
        version: 8.20.0
      ajv-formats:
        specifier: 3.0.1
        version: 3.0.1(ajv@8.20.0)
      zod:
        specifier: 4.4.3
        version: 4.4.3
    devDependencies:
      '@types/node':
        specifier: 24.13.3
        version: 24.13.3

  packages/contracts:
    dependencies:
      zod:
        specifier: 4.4.3
        version: 4.4.3

packages:

  '@turbo/darwin-64@2.10.10':
    resolution: {integrity: sha512-gFDD+wRP5hWxBRghGyEbjpbLOY7aIU/wvsnKdMM7odQcp/wHMrnI83p0FyxxMRZnFH9ZD+S59MvcpOC5b+nrCA==}
    cpu: [x64]
    os: [darwin]

  '@turbo/darwin-arm64@2.10.10':
    resolution: {integrity: sha512-VZYsxZ6yjyDosUqtiroAVSXPLmx/qBxdHJgIxdMH9RyNmLdOLOWtJnYMnI4qckwCgQMK85G3fu94/xk5+iBCgw==}
    cpu: [arm64]
    os: [darwin]

  '@turbo/linux-64@2.10.10':
    resolution: {integrity: sha512-lAvW+yEnmsCKMEIwNugjozawvYytHKPhU0kfLBizu83MIs8OUb9KobYvkZ56L5akSM6K7+gBFLEIfQkaceh90g==}
    cpu: [x64]
    os: [android, linux]

  '@turbo/linux-arm64@2.10.10':
    resolution: {integrity: sha512-MSJ+NkRTd79Z9+YEZpUV9VOWVOOigFhE+v/ETNYJEuTJp3r00y9YgFvDXrmM+DP8Kal6tk3U6xSugD2/Ojh+Jg==}
    cpu: [arm64]
    os: [android, linux]

  '@turbo/windows-64@2.10.10':
    resolution: {integrity: sha512-ycWpXDkUfnDFDY9d+4Qna/UZotDB0wj+s9agrlmNt0Q7a3XHORhK8GPKJdzgzeutXu9EW5P/jyabTEHlohuDXw==}
    cpu: [x64]
    os: [win32]

  '@turbo/windows-arm64@2.10.10':
    resolution: {integrity: sha512-PMk6zQN0csUFklLe+1hz/5G9uU1YmV0cEIey2R/bSeA6o69qcBTlN4A3jOqkgenOO5dOpMHmq2sEUZo8r1+Ssg==}
    cpu: [arm64]
    os: [win32]

  '@types/node@24.13.3':
    resolution: {integrity: sha512-Dh8vAsV36ig5wa9OX4pXvMc9D3Veibfw2wix0CUwYODLD8nkj9UsLjASr49nPg+2eKzxhBV+v7L8pXvT4e639Q==}

  ajv-formats@3.0.1:
    resolution: {integrity: sha512-8iUql50EUR+uUcdRQ3HDqa6EVyo3docL8g5WJ3FNcWmu62IbkGUue/pEyLBW8VGKKucTPgqeks4fIU1DA4yowQ==}
    peerDependencies:
      ajv: ^8.0.0
    peerDependenciesMeta:
      ajv:
        optional: true

  ajv@8.20.0:
    resolution: {integrity: sha512-Thbli+OlOj+iMPYFBVBfJ3OmCAnaSyNn4M1vz9T6Gka5Jt9ba/HIR56joy65tY6kx/FCF5VXNB819Y7/GUrBGA==}

  fast-deep-equal@3.1.3:
    resolution: {integrity: sha512-f3qQ9oQy9j2AhBe/H9VC91wLmKBCCU/gDOnKNAYG5hswO7BLKj09Hc5HYNz9cGI++xlpDCIgDaitVs03ATR84Q==}

  fast-uri@3.1.5:
    resolution: {integrity: sha512-gHwA1O9LDIcKunMKhObS/HimwtehO1nPUECKAu5TpKgaO19fcWEl4bliWe1jWxVFvIXztJjjQ4L8XQ1EU9f7Jw==}

  json-schema-traverse@1.0.0:
    resolution: {integrity: sha512-NM8/P9n3XjXhIZn1lLhkFaACTOURQXjWhV4BA/RnOv8xvgqtqpAX9IO4mRQxSx1Rlo4tqzeqb0sOlruaOy3dug==}

  require-from-string@2.0.2:
    resolution: {integrity: sha512-Xf0nWe6RseziFMu+Ap9biiUbmplq6S9/p+7w7YXP/JBHhrUDDUhwa+vANyubuqfZWTveU//DYVGsDG7RKL/vEw==}
    engines: {node: '>=0.10.0'}

  turbo@2.10.10:
    resolution: {integrity: sha512-/90KTW+USzvYOPmafRZHVKLBsHXQ5810Ao/HdtJYAqguIhZ+XruS6eIUjqJUDtrSxaZYynNFht68qckGKAOWTA==}
    hasBin: true

  typescript@6.0.3:
    resolution: {integrity: sha512-y2TvuxSZPDyQakkFRPZHKFm+KKVqIisdg9/CZwm9ftvKXLP8NRWj38/ODjNbr43SsoXqNuAisEf1GdCxqWcdBw==}
    engines: {node: '>=14.17'}
    hasBin: true

  undici-types@7.18.2:
    resolution: {integrity: sha512-AsuCzffGHJybSaRrmr5eHr81mwJU3kjw6M+uprWvCXiNeN9SOGwQ3Jn8jb8m3Z6izVgknn1R0FTCEAP2QrLY/w==}

  zod@4.4.3:
    resolution: {integrity: sha512-ytENFjIJFl2UwYglde2jchW2Hwm4GJFLDiSXWdTrJQBIN9Fcyp7n4DhxJEiWNAJMV1/BqWfW/kkg71UDcHJyTQ==}

snapshots:

  '@turbo/darwin-64@2.10.10':
    optional: true

  '@turbo/darwin-arm64@2.10.10':
    optional: true

  '@turbo/linux-64@2.10.10':
    optional: true

  '@turbo/linux-arm64@2.10.10':
    optional: true

  '@turbo/windows-64@2.10.10':
    optional: true

  '@turbo/windows-arm64@2.10.10':
    optional: true

  '@types/node@24.13.3':
    dependencies:
      undici-types: 7.18.2

  ajv-formats@3.0.1(ajv@8.20.0):
    optionalDependencies:
      ajv: 8.20.0

  ajv@8.20.0:
    dependencies:
      fast-deep-equal: 3.1.3
      fast-uri: 3.1.5
      json-schema-traverse: 1.0.0
      require-from-string: 2.0.2

  fast-deep-equal@3.1.3: {}

  fast-uri@3.1.5: {}

  json-schema-traverse@1.0.0: {}

  require-from-string@2.0.2: {}

  turbo@2.10.10:
    optionalDependencies:
      '@turbo/darwin-64': 2.10.10
      '@turbo/darwin-arm64': 2.10.10
      '@turbo/linux-64': 2.10.10
      '@turbo/linux-arm64': 2.10.10
      '@turbo/windows-64': 2.10.10
      '@turbo/windows-arm64': 2.10.10

  typescript@6.0.3: {}

  undici-types@7.18.2: {}

  zod@4.4.3: {}
